<?xml version="1.0" encoding="utf-8"?>
<Project ToolsVersion="4.0" xmlns="http://schemas.microsoft.com/developer/msbuild/2003">
  <ItemGroup>
    <Filter Include="Файлы исходного кода">
      <UniqueIdentifier>{4FC737F1-C7A5-4376-A066-2A32D752A2FF}</UniqueIdentifier>
      <Extensions>cpp;c;cc;cxx;def;odl;idl;hpj;bat;asm;asmx</Extensions>
    </Filter>
    <Filter Include="Заголовочные файлы">
      <UniqueIdentifier>{93995380-89BD-4b04-88EB-625FBE52EBFB}</UniqueIdentifier>
      <Extensions>h;hh;hpp;hxx;hm;inl;inc;xsd</Extensions>
    </Filter>
    <Filter Include="Файлы ресурсов">
      <UniqueIdentifier>{67DA6AB6-F800-4c08-8B7A-83BB121AAD01}</UniqueIdentifier>
      <Extensions>rc;ico;cur;bmp;dlg;rc2;rct;bin;rgs;gif;jpg;jpeg;jpe;resx;tiff;tif;png;wav;mfcribbon-ms</Extensions>
    </Filter>
    <Filter Include="engine">
      <UniqueIdentifier>{08712b1e-5ee8-4d4b-b535-89ede8a4cff1}</UniqueIdentifier>
    </Filter>
    <Filter Include="enviroment">
      <UniqueIdentifier>{9d564c47-345a-4697-805c-d40506a97a13}</UniqueIdentifier>
    </Filter>
    <Filter Include="loader">
      <UniqueIdentifier>{0f7ddcf9-8014-4f9d-9b6f-ade182881689}</UniqueIdentifier>
    </Filter>
    <Filter Include="utility">
      <UniqueIdentifier>{d3ab3525-a81c-4751-912d-4da6bb3c1dab}</UniqueIdentifier>
    </Filter>
    <Filter Include="ui">
      <UniqueIdentifier>{78235312-42c1-42fb-a446-763da3fc2970}</UniqueIdentifier>
    </Filter>
    <Filter Include="game-menu">
      <UniqueIdentifier>{a1e3ef23-51d6-4ef8-a5bf-ae63ac2c7edb}</UniqueIdentifier>
    </Filter>
    <Filter Include="adventure">
      <UniqueIdentifier>{a490fbe9-6099-4779-8955-439d28fd18a1}</UniqueIdentifier>
    </Filter>
    <Filter Include="game-data">
      <UniqueIdentifier>{e5670706-a5ce-4a9e-9659-f59df1c403b8}</UniqueIdentifier>
    </Filter>
    <Filter Include="character-system">
      <UniqueIdentifier>{2bbb4c92-d65d-456e-b860-ddd9a33a737f}</UniqueIdentifier>
    </Filter>
    <Filter Include="landing-mode">
      <UniqueIdentifier>{15a764eb-669d-4054-bb93-cc3ff0cdde82}</UniqueIdentifier>
    </Filter>
    <Filter Include="scripts">
      <UniqueIdentifier>{ba839c55-6651-4ed4-b20a-6dc20ace4b4b}</UniqueIdentifier>
    </Filter>
    <Filter Include="space-battle">
      <UniqueIdentifier>{95abec92-ec03-4358-b556-707953189010}</UniqueIdentifier>
    </Filter>
    <Filter Include="items">
      <UniqueIdentifier>{a05b1d85-f43b-47e5-9a0d-5dabfd70738a}</UniqueIdentifier>
    </Filter>
    <Filter Include="common objects">
      <UniqueIdentifier>{b9487078-27fc-4617-b5fa-5fa4439213a3}</UniqueIdentifier>
    </Filter>
  </ItemGroup>
  <ItemGroup>
    <ClCompile Include="main.cpp">
      <Filter>engine</Filter>
    </ClCompile>
    <ClCompile Include="sources\global-manager.cpp">
      <Filter>engine</Filter>
    </ClCompile>
    <ClCompile Include="sources\base-manager.cpp">
      <Filter>engine</Filter>
    </ClCompile>
    <ClCompile Include="sources\game-loader.cpp">
      <Filter>loader</Filter>
    </ClCompile>
    <ClCompile Include="sources\base-ui.cpp">
      <Filter>ui</Filter>
    </ClCompile>
    <ClCompile Include="sources\debug.cpp">
      <Filter>utility</Filter>
    </ClCompile>
    <ClCompile Include="sources\game-enviroment.cpp">
      <Filter>enviroment</Filter>
    </ClCompile>
    <ClCompile Include="sources\ui-controller.cpp">
      <Filter>ui</Filter>
    </ClCompile>
    <ClCompile Include="sources\game-menu.cpp">
      <Filter>game-menu</Filter>
    </ClCompile>
    <ClCompile Include="sources\sprites.cpp">
      <Filter>enviroment</Filter>
    </ClCompile>
    <ClCompile Include="sources\lib\RichText.cpp">
      <Filter>ui</Filter>
    </ClCompile>
    <ClCompile Include="sources\ui-text.cpp">
      <Filter>ui</Filter>
    </ClCompile>
    <ClCompile Include="sources\adventure-main.cpp">
      <Filter>adventure</Filter>
    </ClCompile>
    <ClCompile Include="sources\ui-objects.cpp">
      <Filter>ui</Filter>
    </ClCompile>
    <ClCompile Include="sources\ship.cpp">
      <Filter>adventure</Filter>
    </ClCompile>
    <ClCompile Include="sources\landing-main.cpp">
      <Filter>landing-mode</Filter>
    </ClCompile>
    <ClCompile Include="sources\characters.cpp">
      <Filter>character-system</Filter>
    </ClCompile>
    <ClCompile Include="sources\space-battle-manager.cpp">
      <Filter>space-battle</Filter>
    </ClCompile>
    <ClCompile Include="sources\game-init.cpp">
      <Filter>adventure</Filter>
    </ClCompile>
    <ClCompile Include="sources\ship-manager.cpp">
      <Filter>adventure</Filter>
    </ClCompile>
    <ClCompile Include="sources\ship-scheme.cpp">
      <Filter>adventure</Filter>
    </ClCompile>
    <ClCompile Include="sources\wnd-utils.cpp">
      <Filter>enviroment</Filter>
    </ClCompile>
    <ClCompile Include="sources\items.cpp">
      <Filter>items</Filter>
    </ClCompile>
    <ClCompile Include="sources\modules.cpp">
      <Filter>items</Filter>
    </ClCompile>
    <ClCompile Include="sources\module-info.cpp">
      <Filter>common objects</Filter>
    </ClCompile>
    <ClCompile Include="sources\ui-base-elements.cpp">
      <Filter>common objects</Filter>
    </ClCompile>
    <ClCompile Include="sources\game-data-global.cpp">
      <Filter>game-data</Filter>
    </ClCompile>
    <ClCompile Include="sources\utility.cpp">
      <Filter>utility</Filter>
    </ClCompile>
    <ClCompile Include="sources\script-conditions.cpp">
      <Filter>scripts</Filter>
    </ClCompile>
    <ClCompile Include="sources\script-system.cpp">
      <Filter>scripts</Filter>
    </ClCompile>
    <ClCompile Include="sources\action-script.cpp">
      <Filter>scripts</Filter>
    </ClCompile>
    <ClCompile Include="sources\text-converter.cpp">
      <Filter>utility</Filter>
    </ClCompile>
  </ItemGroup>
  <ItemGroup>
    <ClInclude Include="sources\global-manager.h">
      <Filter>engine</Filter>
    </ClInclude>
    <ClInclude Include="sources\game-enviroment.h">
      <Filter>enviroment</Filter>
    </ClInclude>
    <ClInclude Include="sources\sprites.h">
      <Filter>enviroment</Filter>
    </ClInclude>
    <ClInclude Include="sources\base-manager.h">
      <Filter>engine</Filter>
    </ClInclude>
    <ClInclude Include="sources\game-loader.h">
      <Filter>loader</Filter>
    </ClInclude>
    <ClInclude Include="sources\debug.h">
      <Filter>utility</Filter>
    </ClInclude>
    <ClInclude Include="sources\base-ui.h">
      <Filter>ui</Filter>
    </ClInclude>
    <ClInclude Include="sources\custom-types.h">
      <Filter>utility</Filter>
    </ClInclude>
    <ClInclude Include="sources\ui-controller.h">
      <Filter>ui</Filter>
    </ClInclude>
    <ClInclude Include="sources\game-menu.h">
      <Filter>game-menu</Filter>
    </ClInclude>
    <ClInclude Include="resource.h">
      <Filter>Заголовочные файлы</Filter>
    </ClInclude>
    <ClInclude Include="sources\version.h">
      <Filter>Заголовочные файлы</Filter>
    </ClInclude>
    <ClInclude Include="sources\ui-text.h">
      <Filter>ui</Filter>
    </ClInclude>
    <ClInclude Include="sources\lib\RichText.hpp">
      <Filter>ui</Filter>
    </ClInclude>
    <ClInclude Include="sources\ui-objects.h">
      <Filter>ui</Filter>
    </ClInclude>
    <ClInclude Include="sources\adventure-main.h">
      <Filter>adventure</Filter>
    </ClInclude>
    <ClInclude Include="sources\game-data-global.h">
      <Filter>game-data</Filter>
    </ClInclude>
    <ClInclude Include="sources\consts.h">
      <Filter>enviroment</Filter>
    </ClInclude>
    <ClInclude Include="sources\ship.h">
      <Filter>adventure</Filter>
    </ClInclude>
    <ClInclude Include="sources\landing-main.h">
      <Filter>landing-mode</Filter>
    </ClInclude>
    <ClInclude Include="sources\characters.h">
      <Filter>character-system</Filter>
    </ClInclude>
    <ClInclude Include="sources\character-manager.h">
      <Filter>character-system</Filter>
    </ClInclude>
    <ClInclude Include="sources\ship-scheme.h">
      <Filter>adventure</Filter>
    </ClInclude>
    <ClInclude Include="sources\ship-manager.h">
      <Filter>adventure</Filter>
    </ClInclude>
    <ClInclude Include="sources\adventure-logbook.h">
      <Filter>adventure</Filter>
    </ClInclude>
    <ClInclude Include="sources\quests.h">
      <Filter>scripts</Filter>
    </ClInclude>
    <ClInclude Include="sources\script-system.h">
      <Filter>scripts</Filter>
    </ClInclude>
    <ClInclude Include="sources\star-map-navigator.h">
      <Filter>adventure</Filter>
    </ClInclude>
    <ClInclude Include="sources\space-battle-manager.h">
      <Filter>space-battle</Filter>
    </ClInclude>
    <ClInclude Include="sources\space-battle-info.h">
      <Filter>space-battle</Filter>
    </ClInclude>
    <ClInclude Include="sources\effects.h">
      <Filter>utility</Filter>
    </ClInclude>
    <ClInclude Include="sources\game-init.h">
      <Filter>adventure</Filter>
    </ClInclude>
    <ClInclude Include="sources\wnd-utils.h">
      <Filter>enviroment</Filter>
    </ClInclude>
    <ClInclude Include="sources\items.h">
      <Filter>items</Filter>
    </ClInclude>
    <ClInclude Include="sources\modules.h">
      <Filter>items</Filter>
    </ClInclude>
    <ClInclude Include="sources\module-info.h">
      <Filter>common objects</Filter>
    </ClInclude>
    <ClInclude Include="sources\ui-base-elements.h">
      <Filter>common objects</Filter>
    </ClInclude>
    <ClInclude Include="sources\utility.h">
      <Filter>utility</Filter>
    </ClInclude>
    <ClInclude Include="sources\base-script.h">
      <Filter>scripts</Filter>
    </ClInclude>
    <ClInclude Include="sources\choose-script.h">
      <Filter>scripts</Filter>
    </ClInclude>
    <ClInclude Include="sources\script-conditions.h">
      <Filter>scripts</Filter>
    </ClInclude>
    <ClInclude Include="sources\action-script.h">
      <Filter>scripts</Filter>
    </ClInclude>
    <ClInclude Include="sources\text-converter.h">
      <Filter>utility</Filter>
    </ClInclude>
  </ItemGroup>
  <ItemGroup>
    <ResourceCompile Include="game-main.rc">
      <Filter>Файлы ресурсов</Filter>
    </ResourceCompile>
  </ItemGroup>
</Project>