<?xml version="1.0" encoding="utf-8"?>
<Project ToolsVersion="4.0" xmlns="http://schemas.microsoft.com/developer/msbuild/2003">
  <ItemGroup>
    <Filter Include="Файлы исходного кода">
      <UniqueIdentifier>{4FC737F1-C7A5-4376-A066-2A32D752A2FF}</UniqueIdentifier>
      <Extensions>cpp;c;cc;cxx;def;odl;idl;hpj;bat;asm;asmx</Extensions>
    </Filter>
    <Filter Include="Заголовочные файлы">
      <UniqueIdentifier>{93995380-89BD-4b04-88EB-625FBE52EBFB}</UniqueIdentifier>
      <Extensions>h;hh;hpp;hxx;hm;inl;inc;xsd</Extensions>
    </Filter>
    <Filter Include="Файлы ресурсов">
      <UniqueIdentifier>{67DA6AB6-F800-4c08-8B7A-83BB121AAD01}</UniqueIdentifier>
      <Extensions>rc;ico;cur;bmp;dlg;rc2;rct;bin;rgs;gif;jpg;jpeg;jpe;resx;tiff;tif;png;wav;mfcribbon-ms</Extensions>
    </Filter>
    <Filter Include="engine">
      <UniqueIdentifier>{08712b1e-5ee8-4d4b-b535-89ede8a4cff1}</UniqueIdentifier>
    </Filter>
    <Filter Include="enviroment">
      <UniqueIdentifier>{9d564c47-345a-4697-805c-d40506a97a13}</UniqueIdentifier>
    </Filter>
    <Filter Include="loader">
      <UniqueIdentifier>{0f7ddcf9-8014-4f9d-9b6f-ade182881689}</UniqueIdentifier>
    </Filter>
    <Filter Include="utility">
      <UniqueIdentifier>{d3ab3525-a81c-4751-912d-4da6bb3c1dab}</UniqueIdentifier>
    </Filter>
    <Filter Include="ui">
      <UniqueIdentifier>{78235312-42c1-42fb-a446-763da3fc2970}</UniqueIdentifier>
    </Filter>
    <Filter Include="game-menu">
      <UniqueIdentifier>{a1e3ef23-51d6-4ef8-a5bf-ae63ac2c7edb}</UniqueIdentifier>
    </Filter>
  </ItemGroup>
  <ItemGroup>
    <ClCompile Include="main.cpp">
      <Filter>engine</Filter>
    </ClCompile>
    <ClCompile Include="sources\global-manager.cpp">
      <Filter>engine</Filter>
    </ClCompile>
    <ClCompile Include="sources\base-manager.cpp">
      <Filter>engine</Filter>
    </ClCompile>
    <ClCompile Include="sources\game-loader.cpp">
      <Filter>loader</Filter>
    </ClCompile>
    <ClCompile Include="sources\base-ui.cpp">
      <Filter>ui</Filter>
    </ClCompile>
    <ClCompile Include="sources\debug.cpp">
      <Filter>utility</Filter>
    </ClCompile>
    <ClCompile Include="sources\game-enviroment.cpp">
      <Filter>enviroment</Filter>
    </ClCompile>
    <ClCompile Include="sources\ui-controller.cpp">
      <Filter>ui</Filter>
    </ClCompile>
    <ClCompile Include="sources\game-menu.cpp">
      <Filter>game-menu</Filter>
    </ClCompile>
    <ClCompile Include="sources\sprites.cpp">
      <Filter>enviroment</Filter>
    </ClCompile>
    <ClCompile Include="sources\ui-text.cpp">
      <Filter>Файлы исходного кода</Filter>
    </ClCompile>
    <ClCompile Include="sources\lib\RichText.cpp">
      <Filter>ui</Filter>
    </ClCompile>
  </ItemGroup>
  <ItemGroup>
    <ClInclude Include="sources\global-manager.h">
      <Filter>engine</Filter>
    </ClInclude>
    <ClInclude Include="sources\game-enviroment.h">
      <Filter>enviroment</Filter>
    </ClInclude>
    <ClInclude Include="sources\sprites.h">
      <Filter>enviroment</Filter>
    </ClInclude>
    <ClInclude Include="sources\base-manager.h">
      <Filter>engine</Filter>
    </ClInclude>
    <ClInclude Include="sources\game-loader.h">
      <Filter>loader</Filter>
    </ClInclude>
    <ClInclude Include="sources\debug.h">
      <Filter>utility</Filter>
    </ClInclude>
    <ClInclude Include="sources\base-ui.h">
      <Filter>ui</Filter>
    </ClInclude>
    <ClInclude Include="sources\custom-types.h">
      <Filter>utility</Filter>
    </ClInclude>
    <ClInclude Include="sources\ui-controller.h">
      <Filter>ui</Filter>
    </ClInclude>
    <ClInclude Include="sources\game-menu.h">
      <Filter>game-menu</Filter>
    </ClInclude>
    <ClInclude Include="resource.h">
      <Filter>Заголовочные файлы</Filter>
    </ClInclude>
    <ClInclude Include="sources\version.h">
      <Filter>Заголовочные файлы</Filter>
    </ClInclude>
    <ClInclude Include="sources\ui-text.h">
      <Filter>ui</Filter>
    </ClInclude>
    <ClInclude Include="sources\lib\RichText.hpp">
      <Filter>ui</Filter>
    </ClInclude>
  </ItemGroup>
  <ItemGroup>
    <ResourceCompile Include="game-main.rc">
      <Filter>Файлы ресурсов</Filter>
    </ResourceCompile>
  </ItemGroup>
</Project>